// !$*UTF8*$!
{
	archiveVersion = 1;
	classes = {
	};
	objectVersion = 56;
	objects = {

/* Begin PBXBuildFile section */
		0D23B4EA2AE5386B0010575F /* LessionThirteen.swift in Sources */ = {isa = PBXBuildFile; fileRef = 0D23B4E92AE5386B0010575F /* LessionThirteen.swift */; };
		0D23B4ED2AE8475D0010575F /* Lesson Fourteen.swift in Sources */ = {isa = PBXBuildFile; fileRef = 0D23B4EC2AE8475D0010575F /* Lesson Fourteen.swift */; };
		0D47F2A62AB9FF1A0058EAFB /* Project 9.swift in Sources */ = {isa = PBXBuildFile; fileRef = 0D47F2A52AB9FF1A0058EAFB /* Project 9.swift */; };
		0D47F2AC2ABA001B0058EAFB /* DataControllerTwo.swift in Sources */ = {isa = PBXBuildFile; fileRef = 0D47F2AB2ABA001B0058EAFB /* DataControllerTwo.swift */; };
		0D47F2B62ABB193B0058EAFB /* Project 10.swift in Sources */ = {isa = PBXBuildFile; fileRef = 0D47F2B52ABB193B0058EAFB /* Project 10.swift */; };
		0D47F2B92ABB32D50058EAFB /* Project 11.swift in Sources */ = {isa = PBXBuildFile; fileRef = 0D47F2B82ABB32D50058EAFB /* Project 11.swift */; };
		0D47F2BD2ABB33610058EAFB /* Singer+CoreDataClass.swift in Sources */ = {isa = PBXBuildFile; fileRef = 0D47F2BB2ABB33610058EAFB /* Singer+CoreDataClass.swift */; };
		0D47F2BE2ABB33610058EAFB /* Singer+CoreDataProperties.swift in Sources */ = {isa = PBXBuildFile; fileRef = 0D47F2BC2ABB33610058EAFB /* Singer+CoreDataProperties.swift */; };
		0D47F2C02ABB3AE30058EAFB /* FilteredList.swift in Sources */ = {isa = PBXBuildFile; fileRef = 0D47F2BF2ABB3AE30058EAFB /* FilteredList.swift */; };
		0D47F2C22ABC741D0058EAFB /* LessionTwelve.swift in Sources */ = {isa = PBXBuildFile; fileRef = 0D47F2C12ABC741D0058EAFB /* LessionTwelve.swift */; };
		0D47F2D02ABC75F90058EAFB /* Country+CoreDataClass.swift in Sources */ = {isa = PBXBuildFile; fileRef = 0D47F2CC2ABC75F90058EAFB /* Country+CoreDataClass.swift */; };
		0D47F2D12ABC75F90058EAFB /* Country+CoreDataProperties.swift in Sources */ = {isa = PBXBuildFile; fileRef = 0D47F2CD2ABC75F90058EAFB /* Country+CoreDataProperties.swift */; };
		0D47F2D22ABC75F90058EAFB /* Candy+CoreDataClass.swift in Sources */ = {isa = PBXBuildFile; fileRef = 0D47F2CE2ABC75F90058EAFB /* Candy+CoreDataClass.swift */; };
		0D47F2D32ABC75F90058EAFB /* Candy+CoreDataProperties.swift in Sources */ = {isa = PBXBuildFile; fileRef = 0D47F2CF2ABC75F90058EAFB /* Candy+CoreDataProperties.swift */; };
		0D7D2F8A2AB208B2005166E9 /* ProjectEigth.swift in Sources */ = {isa = PBXBuildFile; fileRef = 0D7D2F892AB208B2005166E9 /* ProjectEigth.swift */; };
		0D7D2F902AB25335005166E9 /* DataController.swift in Sources */ = {isa = PBXBuildFile; fileRef = 0D7D2F8F2AB25335005166E9 /* DataController.swift */; };
		0D7D2F932AB39CE1005166E9 /* BoomWorm.xcdatamodeld in Sources */ = {isa = PBXBuildFile; fileRef = 0D7D2F912AB39CE1005166E9 /* BoomWorm.xcdatamodeld */; };
		0D7D2F952AB39E7E005166E9 /* AddBookView.swift in Sources */ = {isa = PBXBuildFile; fileRef = 0D7D2F942AB39E7E005166E9 /* AddBookView.swift */; };
		0D7D2F972AB4F0B7005166E9 /* RaitingView.swift in Sources */ = {isa = PBXBuildFile; fileRef = 0D7D2F962AB4F0B7005166E9 /* RaitingView.swift */; };
		0D7D2F992AB5D411005166E9 /* EmojiRatingView.swift in Sources */ = {isa = PBXBuildFile; fileRef = 0D7D2F982AB5D411005166E9 /* EmojiRatingView.swift */; };
		0D7D2F9B2AB5E65B005166E9 /* DetailView.swift in Sources */ = {isa = PBXBuildFile; fileRef = 0D7D2F9A2AB5E65B005166E9 /* DetailView.swift */; };
		0D7DC9DB2ABE1A17004B618F /* ImagePicker.swift in Sources */ = {isa = PBXBuildFile; fileRef = 0D7DC9DA2ABE1A17004B618F /* ImagePicker.swift */; };
		0D7F7CEA2A8FCA210017EF35 /* ActivityTracking.swift in Sources */ = {isa = PBXBuildFile; fileRef = 0D7F7CE92A8FCA210017EF35 /* ActivityTracking.swift */; };
		0D7F7CED2A8FE46E0017EF35 /* ExercisesModel.swift in Sources */ = {isa = PBXBuildFile; fileRef = 0D7F7CEC2A8FE46E0017EF35 /* ExercisesModel.swift */; };
		0D7F7CEF2A8FE7750017EF35 /* Exercises.swift in Sources */ = {isa = PBXBuildFile; fileRef = 0D7F7CEE2A8FE7750017EF35 /* Exercises.swift */; };
		0D7F7CF12A9020380017EF35 /* ShowExercises.swift in Sources */ = {isa = PBXBuildFile; fileRef = 0D7F7CF02A9020380017EF35 /* ShowExercises.swift */; };
		0D7F7CF32A91DE610017EF35 /* CupcakeCorner.swift in Sources */ = {isa = PBXBuildFile; fileRef = 0D7F7CF22A91DE610017EF35 /* CupcakeCorner.swift */; };
		0D8A1E632A937BE200950B47 /* Order.swift in Sources */ = {isa = PBXBuildFile; fileRef = 0D8A1E622A937BE200950B47 /* Order.swift */; };
		0D8A1E652A938C0900950B47 /* AddressView.swift in Sources */ = {isa = PBXBuildFile; fileRef = 0D8A1E642A938C0900950B47 /* AddressView.swift */; };
		0D8A1E672A94DECF00950B47 /* CheckoutView.swift in Sources */ = {isa = PBXBuildFile; fileRef = 0D8A1E662A94DECF00950B47 /* CheckoutView.swift */; };
		0D8C733C2A64368C00D5325B /* CheckerApp.swift in Sources */ = {isa = PBXBuildFile; fileRef = 0D8C733B2A64368C00D5325B /* CheckerApp.swift */; };
		0D8C733E2A64368C00D5325B /* ContentView.swift in Sources */ = {isa = PBXBuildFile; fileRef = 0D8C733D2A64368C00D5325B /* ContentView.swift */; };
		0D8C73402A64368E00D5325B /* Assets.xcassets in Resources */ = {isa = PBXBuildFile; fileRef = 0D8C733F2A64368E00D5325B /* Assets.xcassets */; };
		0D8C73432A64368E00D5325B /* Preview Assets.xcassets in Resources */ = {isa = PBXBuildFile; fileRef = 0D8C73422A64368E00D5325B /* Preview Assets.xcassets */; };
		0D8C73662A67091700D5325B /* MainView.swift in Sources */ = {isa = PBXBuildFile; fileRef = 0D8C73652A67091700D5325B /* MainView.swift */; };
		0D8C73692A671BF200D5325B /* Challenge .swift in Sources */ = {isa = PBXBuildFile; fileRef = 0D8C73682A671BF200D5325B /* Challenge .swift */; };
		0D8C736C2A69A43100D5325B /* GuessTheFlag.swift in Sources */ = {isa = PBXBuildFile; fileRef = 0D8C736B2A69A43100D5325B /* GuessTheFlag.swift */; };
		0D8C736F2A6D518100D5325B /* ChallengeTwo.swift in Sources */ = {isa = PBXBuildFile; fileRef = 0D8C736E2A6D518100D5325B /* ChallengeTwo.swift */; };
		0DE93B8B2A7192F000648218 /* StepperView.swift in Sources */ = {isa = PBXBuildFile; fileRef = 0DE93B8A2A7192F000648218 /* StepperView.swift */; };
		0DE93B922A72A8BC00648218 /* SleepCalculator.mlmodel in Sources */ = {isa = PBXBuildFile; fileRef = 0DE93B912A72A8BC00648218 /* SleepCalculator.mlmodel */; };
		0DE93BB62A74106A00648218 /* WordScramble.swift in Sources */ = {isa = PBXBuildFile; fileRef = 0DE93BB52A74106A00648218 /* WordScramble.swift */; };
		0DE93BB92A75982D00648218 /* start.txt in Resources */ = {isa = PBXBuildFile; fileRef = 0DE93BB82A75982D00648218 /* start.txt */; };
		0DE93BBB2A78099800648218 /* ChallengeThree.swift in Sources */ = {isa = PBXBuildFile; fileRef = 0DE93BBA2A78099800648218 /* ChallengeThree.swift */; };
		0DE93BBE2A7D9D7500648218 /* iExpense.swift in Sources */ = {isa = PBXBuildFile; fileRef = 0DE93BBD2A7D9D7500648218 /* iExpense.swift */; };
		0DE93BC12A7E8D9200648218 /* ExpensItem.swift in Sources */ = {isa = PBXBuildFile; fileRef = 0DE93BC02A7E8D9200648218 /* ExpensItem.swift */; };
		0DE93BC32A7E8E0700648218 /* Expenses.swift in Sources */ = {isa = PBXBuildFile; fileRef = 0DE93BC22A7E8E0700648218 /* Expenses.swift */; };
		0DE93BC52A7EA14A00648218 /* AddView.swift in Sources */ = {isa = PBXBuildFile; fileRef = 0DE93BC42A7EA14A00648218 /* AddView.swift */; };
		0DE93BC72A7FECBA00648218 /* MoonShot.swift in Sources */ = {isa = PBXBuildFile; fileRef = 0DE93BC62A7FECBA00648218 /* MoonShot.swift */; };
		0DE93BCC2A7FFB3D00648218 /* missions.json in Resources */ = {isa = PBXBuildFile; fileRef = 0DE93BCB2A7FFB3D00648218 /* missions.json */; };
		0DE93BCE2A7FFB4200648218 /* astronauts.json in Resources */ = {isa = PBXBuildFile; fileRef = 0DE93BCD2A7FFB4200648218 /* astronauts.json */; };
		0DE93BD22A7FFCD800648218 /* Astrounaut.swift in Sources */ = {isa = PBXBuildFile; fileRef = 0DE93BD12A7FFCD800648218 /* Astrounaut.swift */; };
		0DE93BD42A7FFEE900648218 /* Bundle-Decodable.swift in Sources */ = {isa = PBXBuildFile; fileRef = 0DE93BD32A7FFEE900648218 /* Bundle-Decodable.swift */; };
		0DF443422AE2F28C0015C5BC /* ImageSaver.swift in Sources */ = {isa = PBXBuildFile; fileRef = 0DF443412AE2F28C0015C5BC /* ImageSaver.swift */; };
		0DFC885E2A8AA39500FBD841 /* Mission.swift in Sources */ = {isa = PBXBuildFile; fileRef = 0DFC885D2A8AA39500FBD841 /* Mission.swift */; };
		0DFC88602A8ABD9D00FBD841 /* Color-Theme.swift in Sources */ = {isa = PBXBuildFile; fileRef = 0DFC885F2A8ABD9D00FBD841 /* Color-Theme.swift */; };
		0DFC88642A8BB9F700FBD841 /* MissionView.swift in Sources */ = {isa = PBXBuildFile; fileRef = 0DFC88632A8BB9F700FBD841 /* MissionView.swift */; };
		0DFC88662A8BD61F00FBD841 /* AstronautView.swift in Sources */ = {isa = PBXBuildFile; fileRef = 0DFC88652A8BD61F00FBD841 /* AstronautView.swift */; };
		0DFC88682A8BEB0300FBD841 /* Drawing.swift in Sources */ = {isa = PBXBuildFile; fileRef = 0DFC88672A8BEB0300FBD841 /* Drawing.swift */; };
/* End PBXBuildFile section */

/* Begin PBXFileReference section */
		0D23B4E92AE5386B0010575F /* LessionThirteen.swift */ = {isa = PBXFileReference; lastKnownFileType = sourcecode.swift; path = LessionThirteen.swift; sourceTree = "<group>"; };
		0D23B4EC2AE8475D0010575F /* Lesson Fourteen.swift */ = {isa = PBXFileReference; lastKnownFileType = sourcecode.swift; path = "Lesson Fourteen.swift"; sourceTree = "<group>"; };
		0D47F2A52AB9FF1A0058EAFB /* Project 9.swift */ = {isa = PBXFileReference; lastKnownFileType = sourcecode.swift; path = "Project 9.swift"; sourceTree = "<group>"; };
		0D47F2AB2ABA001B0058EAFB /* DataControllerTwo.swift */ = {isa = PBXFileReference; lastKnownFileType = sourcecode.swift; path = DataControllerTwo.swift; sourceTree = "<group>"; };
		0D47F2B52ABB193B0058EAFB /* Project 10.swift */ = {isa = PBXFileReference; lastKnownFileType = sourcecode.swift; path = "Project 10.swift"; sourceTree = "<group>"; };
		0D47F2B82ABB32D50058EAFB /* Project 11.swift */ = {isa = PBXFileReference; lastKnownFileType = sourcecode.swift; path = "Project 11.swift"; sourceTree = "<group>"; };
		0D47F2BB2ABB33610058EAFB /* Singer+CoreDataClass.swift */ = {isa = PBXFileReference; lastKnownFileType = sourcecode.swift; path = "Singer+CoreDataClass.swift"; sourceTree = SOURCE_ROOT; };
		0D47F2BC2ABB33610058EAFB /* Singer+CoreDataProperties.swift */ = {isa = PBXFileReference; lastKnownFileType = sourcecode.swift; path = "Singer+CoreDataProperties.swift"; sourceTree = SOURCE_ROOT; };
		0D47F2BF2ABB3AE30058EAFB /* FilteredList.swift */ = {isa = PBXFileReference; lastKnownFileType = sourcecode.swift; path = FilteredList.swift; sourceTree = "<group>"; };
		0D47F2C12ABC741D0058EAFB /* LessionTwelve.swift */ = {isa = PBXFileReference; lastKnownFileType = sourcecode.swift; path = LessionTwelve.swift; sourceTree = "<group>"; };
		0D47F2CC2ABC75F90058EAFB /* Country+CoreDataClass.swift */ = {isa = PBXFileReference; lastKnownFileType = sourcecode.swift; path = "Country+CoreDataClass.swift"; sourceTree = SOURCE_ROOT; };
		0D47F2CD2ABC75F90058EAFB /* Country+CoreDataProperties.swift */ = {isa = PBXFileReference; lastKnownFileType = sourcecode.swift; path = "Country+CoreDataProperties.swift"; sourceTree = SOURCE_ROOT; };
		0D47F2CE2ABC75F90058EAFB /* Candy+CoreDataClass.swift */ = {isa = PBXFileReference; lastKnownFileType = sourcecode.swift; path = "Candy+CoreDataClass.swift"; sourceTree = SOURCE_ROOT; };
		0D47F2CF2ABC75F90058EAFB /* Candy+CoreDataProperties.swift */ = {isa = PBXFileReference; lastKnownFileType = sourcecode.swift; path = "Candy+CoreDataProperties.swift"; sourceTree = SOURCE_ROOT; };
		0D7D2F892AB208B2005166E9 /* ProjectEigth.swift */ = {isa = PBXFileReference; lastKnownFileType = sourcecode.swift; path = ProjectEigth.swift; sourceTree = "<group>"; };
		0D7D2F8F2AB25335005166E9 /* DataController.swift */ = {isa = PBXFileReference; lastKnownFileType = sourcecode.swift; path = DataController.swift; sourceTree = "<group>"; };
		0D7D2F922AB39CE1005166E9 /* BoomWorm.xcdatamodel */ = {isa = PBXFileReference; lastKnownFileType = wrapper.xcdatamodel; path = BoomWorm.xcdatamodel; sourceTree = "<group>"; };
		0D7D2F942AB39E7E005166E9 /* AddBookView.swift */ = {isa = PBXFileReference; lastKnownFileType = sourcecode.swift; path = AddBookView.swift; sourceTree = "<group>"; };
		0D7D2F962AB4F0B7005166E9 /* RaitingView.swift */ = {isa = PBXFileReference; lastKnownFileType = sourcecode.swift; path = RaitingView.swift; sourceTree = "<group>"; };
		0D7D2F982AB5D411005166E9 /* EmojiRatingView.swift */ = {isa = PBXFileReference; lastKnownFileType = sourcecode.swift; path = EmojiRatingView.swift; sourceTree = "<group>"; };
		0D7D2F9A2AB5E65B005166E9 /* DetailView.swift */ = {isa = PBXFileReference; lastKnownFileType = sourcecode.swift; path = DetailView.swift; sourceTree = "<group>"; };
		0D7DC9DA2ABE1A17004B618F /* ImagePicker.swift */ = {isa = PBXFileReference; lastKnownFileType = sourcecode.swift; path = ImagePicker.swift; sourceTree = "<group>"; };
		0D7F7CE92A8FCA210017EF35 /* ActivityTracking.swift */ = {isa = PBXFileReference; lastKnownFileType = sourcecode.swift; path = ActivityTracking.swift; sourceTree = "<group>"; };
		0D7F7CEC2A8FE46E0017EF35 /* ExercisesModel.swift */ = {isa = PBXFileReference; lastKnownFileType = sourcecode.swift; path = ExercisesModel.swift; sourceTree = "<group>"; };
		0D7F7CEE2A8FE7750017EF35 /* Exercises.swift */ = {isa = PBXFileReference; lastKnownFileType = sourcecode.swift; path = Exercises.swift; sourceTree = "<group>"; };
		0D7F7CF02A9020380017EF35 /* ShowExercises.swift */ = {isa = PBXFileReference; lastKnownFileType = sourcecode.swift; path = ShowExercises.swift; sourceTree = "<group>"; };
		0D7F7CF22A91DE610017EF35 /* CupcakeCorner.swift */ = {isa = PBXFileReference; lastKnownFileType = sourcecode.swift; path = CupcakeCorner.swift; sourceTree = "<group>"; };
		0D8A1E622A937BE200950B47 /* Order.swift */ = {isa = PBXFileReference; lastKnownFileType = sourcecode.swift; path = Order.swift; sourceTree = "<group>"; };
		0D8A1E642A938C0900950B47 /* AddressView.swift */ = {isa = PBXFileReference; lastKnownFileType = sourcecode.swift; path = AddressView.swift; sourceTree = "<group>"; };
		0D8A1E662A94DECF00950B47 /* CheckoutView.swift */ = {isa = PBXFileReference; lastKnownFileType = sourcecode.swift; path = CheckoutView.swift; sourceTree = "<group>"; };
		0D8C73382A64368C00D5325B /* Checker.app */ = {isa = PBXFileReference; explicitFileType = wrapper.application; includeInIndex = 0; path = Checker.app; sourceTree = BUILT_PRODUCTS_DIR; };
		0D8C733B2A64368C00D5325B /* CheckerApp.swift */ = {isa = PBXFileReference; lastKnownFileType = sourcecode.swift; path = CheckerApp.swift; sourceTree = "<group>"; };
		0D8C733D2A64368C00D5325B /* ContentView.swift */ = {isa = PBXFileReference; lastKnownFileType = sourcecode.swift; path = ContentView.swift; sourceTree = "<group>"; };
		0D8C733F2A64368E00D5325B /* Assets.xcassets */ = {isa = PBXFileReference; lastKnownFileType = folder.assetcatalog; path = Assets.xcassets; sourceTree = "<group>"; };
		0D8C73422A64368E00D5325B /* Preview Assets.xcassets */ = {isa = PBXFileReference; lastKnownFileType = folder.assetcatalog; path = "Preview Assets.xcassets"; sourceTree = "<group>"; };
		0D8C73652A67091700D5325B /* MainView.swift */ = {isa = PBXFileReference; lastKnownFileType = sourcecode.swift; path = MainView.swift; sourceTree = "<group>"; };
		0D8C73682A671BF200D5325B /* Challenge .swift */ = {isa = PBXFileReference; lastKnownFileType = sourcecode.swift; path = "Challenge .swift"; sourceTree = "<group>"; };
		0D8C736B2A69A43100D5325B /* GuessTheFlag.swift */ = {isa = PBXFileReference; lastKnownFileType = sourcecode.swift; path = GuessTheFlag.swift; sourceTree = "<group>"; };
		0D8C736E2A6D518100D5325B /* ChallengeTwo.swift */ = {isa = PBXFileReference; lastKnownFileType = sourcecode.swift; path = ChallengeTwo.swift; sourceTree = "<group>"; };
		0DE93B8A2A7192F000648218 /* StepperView.swift */ = {isa = PBXFileReference; lastKnownFileType = sourcecode.swift; path = StepperView.swift; sourceTree = "<group>"; };
		0DE93B912A72A8BC00648218 /* SleepCalculator.mlmodel */ = {isa = PBXFileReference; lastKnownFileType = file.mlmodel; path = SleepCalculator.mlmodel; sourceTree = "<group>"; };
		0DE93BB52A74106A00648218 /* WordScramble.swift */ = {isa = PBXFileReference; lastKnownFileType = sourcecode.swift; path = WordScramble.swift; sourceTree = "<group>"; };
		0DE93BB82A75982D00648218 /* start.txt */ = {isa = PBXFileReference; fileEncoding = 4; lastKnownFileType = text; path = start.txt; sourceTree = "<group>"; };
		0DE93BBA2A78099800648218 /* ChallengeThree.swift */ = {isa = PBXFileReference; lastKnownFileType = sourcecode.swift; path = ChallengeThree.swift; sourceTree = "<group>"; };
		0DE93BBD2A7D9D7500648218 /* iExpense.swift */ = {isa = PBXFileReference; lastKnownFileType = sourcecode.swift; path = iExpense.swift; sourceTree = "<group>"; };
		0DE93BC02A7E8D9200648218 /* ExpensItem.swift */ = {isa = PBXFileReference; lastKnownFileType = sourcecode.swift; path = ExpensItem.swift; sourceTree = "<group>"; };
		0DE93BC22A7E8E0700648218 /* Expenses.swift */ = {isa = PBXFileReference; lastKnownFileType = sourcecode.swift; path = Expenses.swift; sourceTree = "<group>"; };
		0DE93BC42A7EA14A00648218 /* AddView.swift */ = {isa = PBXFileReference; lastKnownFileType = sourcecode.swift; path = AddView.swift; sourceTree = "<group>"; };
		0DE93BC62A7FECBA00648218 /* MoonShot.swift */ = {isa = PBXFileReference; lastKnownFileType = sourcecode.swift; path = MoonShot.swift; sourceTree = "<group>"; };
		0DE93BCB2A7FFB3D00648218 /* missions.json */ = {isa = PBXFileReference; fileEncoding = 4; lastKnownFileType = text.json; path = missions.json; sourceTree = "<group>"; };
		0DE93BCD2A7FFB4200648218 /* astronauts.json */ = {isa = PBXFileReference; fileEncoding = 4; lastKnownFileType = text.json; path = astronauts.json; sourceTree = "<group>"; };
		0DE93BD12A7FFCD800648218 /* Astrounaut.swift */ = {isa = PBXFileReference; lastKnownFileType = sourcecode.swift; path = Astrounaut.swift; sourceTree = "<group>"; };
		0DE93BD32A7FFEE900648218 /* Bundle-Decodable.swift */ = {isa = PBXFileReference; lastKnownFileType = sourcecode.swift; path = "Bundle-Decodable.swift"; sourceTree = "<group>"; };
		0DF443412AE2F28C0015C5BC /* ImageSaver.swift */ = {isa = PBXFileReference; lastKnownFileType = sourcecode.swift; path = ImageSaver.swift; sourceTree = "<group>"; };
		0DFC885D2A8AA39500FBD841 /* Mission.swift */ = {isa = PBXFileReference; lastKnownFileType = sourcecode.swift; path = Mission.swift; sourceTree = "<group>"; };
		0DFC885F2A8ABD9D00FBD841 /* Color-Theme.swift */ = {isa = PBXFileReference; lastKnownFileType = sourcecode.swift; path = "Color-Theme.swift"; sourceTree = "<group>"; };
		0DFC88632A8BB9F700FBD841 /* MissionView.swift */ = {isa = PBXFileReference; lastKnownFileType = sourcecode.swift; path = MissionView.swift; sourceTree = "<group>"; };
		0DFC88652A8BD61F00FBD841 /* AstronautView.swift */ = {isa = PBXFileReference; lastKnownFileType = sourcecode.swift; path = AstronautView.swift; sourceTree = "<group>"; };
		0DFC88672A8BEB0300FBD841 /* Drawing.swift */ = {isa = PBXFileReference; lastKnownFileType = sourcecode.swift; path = Drawing.swift; sourceTree = "<group>"; };
/* End PBXFileReference section */

/* Begin PBXFrameworksBuildPhase section */
		0D8C73352A64368C00D5325B /* Frameworks */ = {
			isa = PBXFrameworksBuildPhase;
			buildActionMask = 2147483647;
			files = (
			);
			runOnlyForDeploymentPostprocessing = 0;
		};
/* End PBXFrameworksBuildPhase section */

/* Begin PBXGroup section */
		0D23B4EB2AE538770010575F /* Lesson 14 */ = {
			isa = PBXGroup;
			children = (
				0D23B4EC2AE8475D0010575F /* Lesson Fourteen.swift */,
			);
			path = "Lesson 14";
			sourceTree = "<group>";
		};
		0D47F2A72AB9FF260058EAFB /* Lession 9 */ = {
			isa = PBXGroup;
			children = (
				0D47F2A52AB9FF1A0058EAFB /* Project 9.swift */,
				0D47F2AB2ABA001B0058EAFB /* DataControllerTwo.swift */,
			);
			path = "Lession 9";
			sourceTree = "<group>";
		};
		0D47F2B42ABA4B810058EAFB /* DataProject */ = {
			isa = PBXGroup;
			children = (
				0D7D2F8F2AB25335005166E9 /* DataController.swift */,
				0D7D2F912AB39CE1005166E9 /* BoomWorm.xcdatamodeld */,
			);
			path = DataProject;
			sourceTree = "<group>";
		};
		0D47F2B72ABB19440058EAFB /* Lession 10 */ = {
			isa = PBXGroup;
			children = (
				0D47F2B52ABB193B0058EAFB /* Project 10.swift */,
			);
			path = "Lession 10";
			sourceTree = "<group>";
		};
		0D47F2BA2ABB32E00058EAFB /* Lession 11 */ = {
			isa = PBXGroup;
			children = (
				0D47F2BB2ABB33610058EAFB /* Singer+CoreDataClass.swift */,
				0D47F2BC2ABB33610058EAFB /* Singer+CoreDataProperties.swift */,
				0D47F2B82ABB32D50058EAFB /* Project 11.swift */,
				0D47F2BF2ABB3AE30058EAFB /* FilteredList.swift */,
			);
			path = "Lession 11";
			sourceTree = "<group>";
		};
		0D47F2C32ABC742E0058EAFB /* Lession 12 */ = {
			isa = PBXGroup;
			children = (
				0D47F2CC2ABC75F90058EAFB /* Country+CoreDataClass.swift */,
				0D47F2CD2ABC75F90058EAFB /* Country+CoreDataProperties.swift */,
				0D47F2CE2ABC75F90058EAFB /* Candy+CoreDataClass.swift */,
				0D47F2CF2ABC75F90058EAFB /* Candy+CoreDataProperties.swift */,
				0D47F2C12ABC741D0058EAFB /* LessionTwelve.swift */,
			);
			path = "Lession 12";
			sourceTree = "<group>";
		};
		0D7D2F8B2AB208BC005166E9 /* Lesson 8 */ = {
			isa = PBXGroup;
			children = (
				0D7D2F892AB208B2005166E9 /* ProjectEigth.swift */,
				0D7D2F942AB39E7E005166E9 /* AddBookView.swift */,
				0D7D2F982AB5D411005166E9 /* EmojiRatingView.swift */,
				0D7D2F962AB4F0B7005166E9 /* RaitingView.swift */,
				0D7D2F9A2AB5E65B005166E9 /* DetailView.swift */,
			);
			path = "Lesson 8";
			sourceTree = "<group>";
		};
		0D7DC9D92ABE008E004B618F /* Lession 13 */ = {
			isa = PBXGroup;
			children = (
				0D23B4E92AE5386B0010575F /* LessionThirteen.swift */,
				0DF443412AE2F28C0015C5BC /* ImageSaver.swift */,
				0D7DC9DA2ABE1A17004B618F /* ImagePicker.swift */,
			);
			path = "Lession 13";
			sourceTree = "<group>";
		};
		0D7F7CEB2A8FCA2B0017EF35 /* ChallengeFive */ = {
			isa = PBXGroup;
			children = (
				0D7F7CE92A8FCA210017EF35 /* ActivityTracking.swift */,
				0D7F7CF02A9020380017EF35 /* ShowExercises.swift */,
				0D7F7CEC2A8FE46E0017EF35 /* ExercisesModel.swift */,
				0D7F7CEE2A8FE7750017EF35 /* Exercises.swift */,
			);
			path = ChallengeFive;
			sourceTree = "<group>";
		};
		0D7F7CF42A91DE6E0017EF35 /* Lesson 7 */ = {
			isa = PBXGroup;
			children = (
				0D7F7CF22A91DE610017EF35 /* CupcakeCorner.swift */,
				0D8A1E642A938C0900950B47 /* AddressView.swift */,
				0D8A1E662A94DECF00950B47 /* CheckoutView.swift */,
				0D8A1E622A937BE200950B47 /* Order.swift */,
			);
			path = "Lesson 7";
			sourceTree = "<group>";
		};
		0D8C732F2A64368C00D5325B = {
			isa = PBXGroup;
			children = (
				0D8C733A2A64368C00D5325B /* Checker */,
				0D8C73392A64368C00D5325B /* Products */,
			);
			sourceTree = "<group>";
		};
		0D8C73392A64368C00D5325B /* Products */ = {
			isa = PBXGroup;
			children = (
				0D8C73382A64368C00D5325B /* Checker.app */,
			);
			name = Products;
			sourceTree = "<group>";
		};
		0D8C733A2A64368C00D5325B /* Checker */ = {
			isa = PBXGroup;
			children = (
				0D8C733B2A64368C00D5325B /* CheckerApp.swift */,
				0D8C73652A67091700D5325B /* MainView.swift */,
				0D47F2B42ABA4B810058EAFB /* DataProject */,
				0D8C73672A6716AD00D5325B /* Lesson 1 */,
				0D8C736A2A69929E00D5325B /* Challenge  */,
				0D8C736D2A69A43600D5325B /* Lesson 2 */,
				0D8C73702A6D518A00D5325B /* ChallengeTwo */,
				0DE93B8C2A7192FD00648218 /* Lesson 3 */,
				0DE93BB72A74107500648218 /* Lesson 4 */,
				0DE93BBC2A7809A300648218 /* ChallengeThree */,
				0DE93BBF2A7D9D8300648218 /* Lesson 5 */,
				0DE93BC82A7FECE300648218 /* Lesson 6 */,
				0DFC88692A8BEB0900FBD841 /* ChallengeFour */,
				0D7F7CEB2A8FCA2B0017EF35 /* ChallengeFive */,
				0D7F7CF42A91DE6E0017EF35 /* Lesson 7 */,
				0D7D2F8B2AB208BC005166E9 /* Lesson 8 */,
				0D47F2A72AB9FF260058EAFB /* Lession 9 */,
				0D47F2B72ABB19440058EAFB /* Lession 10 */,
				0D47F2BA2ABB32E00058EAFB /* Lession 11 */,
				0D47F2C32ABC742E0058EAFB /* Lession 12 */,
				0D7DC9D92ABE008E004B618F /* Lession 13 */,
				0D23B4EB2AE538770010575F /* Lesson 14 */,
				0D8C733F2A64368E00D5325B /* Assets.xcassets */,
				0D8C73412A64368E00D5325B /* Preview Content */,
			);
			path = Checker;
			sourceTree = "<group>";
		};
		0D8C73412A64368E00D5325B /* Preview Content */ = {
			isa = PBXGroup;
			children = (
				0D8C73422A64368E00D5325B /* Preview Assets.xcassets */,
			);
			path = "Preview Content";
			sourceTree = "<group>";
		};
		0D8C73672A6716AD00D5325B /* Lesson 1 */ = {
			isa = PBXGroup;
			children = (
				0D8C733D2A64368C00D5325B /* ContentView.swift */,
			);
			path = "Lesson 1";
			sourceTree = "<group>";
		};
		0D8C736A2A69929E00D5325B /* Challenge  */ = {
			isa = PBXGroup;
			children = (
				0D8C73682A671BF200D5325B /* Challenge .swift */,
			);
			path = "Challenge ";
			sourceTree = "<group>";
		};
		0D8C736D2A69A43600D5325B /* Lesson 2 */ = {
			isa = PBXGroup;
			children = (
				0D8C736B2A69A43100D5325B /* GuessTheFlag.swift */,
			);
			path = "Lesson 2";
			sourceTree = "<group>";
		};
		0D8C73702A6D518A00D5325B /* ChallengeTwo */ = {
			isa = PBXGroup;
			children = (
				0D8C736E2A6D518100D5325B /* ChallengeTwo.swift */,
			);
			path = ChallengeTwo;
			sourceTree = "<group>";
		};
		0DE93B8C2A7192FD00648218 /* Lesson 3 */ = {
			isa = PBXGroup;
			children = (
				0DE93B8A2A7192F000648218 /* StepperView.swift */,
				0DE93B912A72A8BC00648218 /* SleepCalculator.mlmodel */,
			);
			path = "Lesson 3";
			sourceTree = "<group>";
		};
		0DE93BB72A74107500648218 /* Lesson 4 */ = {
			isa = PBXGroup;
			children = (
				0DE93BB52A74106A00648218 /* WordScramble.swift */,
				0DE93BB82A75982D00648218 /* start.txt */,
			);
			path = "Lesson 4";
			sourceTree = "<group>";
		};
		0DE93BBC2A7809A300648218 /* ChallengeThree */ = {
			isa = PBXGroup;
			children = (
				0DE93BBA2A78099800648218 /* ChallengeThree.swift */,
			);
			path = ChallengeThree;
			sourceTree = "<group>";
		};
		0DE93BBF2A7D9D8300648218 /* Lesson 5 */ = {
			isa = PBXGroup;
			children = (
				0DE93BBD2A7D9D7500648218 /* iExpense.swift */,
				0DE93BC42A7EA14A00648218 /* AddView.swift */,
				0DE93BC02A7E8D9200648218 /* ExpensItem.swift */,
				0DE93BC22A7E8E0700648218 /* Expenses.swift */,
			);
			path = "Lesson 5";
			sourceTree = "<group>";
		};
		0DE93BC82A7FECE300648218 /* Lesson 6 */ = {
			isa = PBXGroup;
			children = (
				0DE93BC62A7FECBA00648218 /* MoonShot.swift */,
				0DFC88652A8BD61F00FBD841 /* AstronautView.swift */,
				0DFC885F2A8ABD9D00FBD841 /* Color-Theme.swift */,
				0DFC88632A8BB9F700FBD841 /* MissionView.swift */,
				0DFC885D2A8AA39500FBD841 /* Mission.swift */,
				0DE93BD12A7FFCD800648218 /* Astrounaut.swift */,
				0DE93BD32A7FFEE900648218 /* Bundle-Decodable.swift */,
				0DE93BCB2A7FFB3D00648218 /* missions.json */,
				0DE93BCD2A7FFB4200648218 /* astronauts.json */,
			);
			path = "Lesson 6";
			sourceTree = "<group>";
		};
		0DFC88692A8BEB0900FBD841 /* ChallengeFour */ = {
			isa = PBXGroup;
			children = (
				0DFC88672A8BEB0300FBD841 /* Drawing.swift */,
			);
			path = ChallengeFour;
			sourceTree = "<group>";
		};
/* End PBXGroup section */

/* Begin PBXNativeTarget section */
		0D8C73372A64368C00D5325B /* Checker */ = {
			isa = PBXNativeTarget;
			buildConfigurationList = 0D8C73462A64368E00D5325B /* Build configuration list for PBXNativeTarget "Checker" */;
			buildPhases = (
				0D8C73342A64368C00D5325B /* Sources */,
				0D8C73352A64368C00D5325B /* Frameworks */,
				0D8C73362A64368C00D5325B /* Resources */,
			);
			buildRules = (
			);
			dependencies = (
			);
			name = Checker;
			productName = Checker;
			productReference = 0D8C73382A64368C00D5325B /* Checker.app */;
			productType = "com.apple.product-type.application";
		};
/* End PBXNativeTarget section */

/* Begin PBXProject section */
		0D8C73302A64368C00D5325B /* Project object */ = {
			isa = PBXProject;
			attributes = {
				BuildIndependentTargetsInParallel = 1;
				LastSwiftUpdateCheck = 1430;
				LastUpgradeCheck = 1430;
				TargetAttributes = {
					0D8C73372A64368C00D5325B = {
						CreatedOnToolsVersion = 14.3.1;
					};
				};
			};
			buildConfigurationList = 0D8C73332A64368C00D5325B /* Build configuration list for PBXProject "Checker" */;
			compatibilityVersion = "Xcode 14.0";
			developmentRegion = en;
			hasScannedForEncodings = 0;
			knownRegions = (
				en,
				Base,
			);
			mainGroup = 0D8C732F2A64368C00D5325B;
			productRefGroup = 0D8C73392A64368C00D5325B /* Products */;
			projectDirPath = "";
			projectRoot = "";
			targets = (
				0D8C73372A64368C00D5325B /* Checker */,
			);
		};
/* End PBXProject section */

/* Begin PBXResourcesBuildPhase section */
		0D8C73362A64368C00D5325B /* Resources */ = {
			isa = PBXResourcesBuildPhase;
			buildActionMask = 2147483647;
			files = (
				0D8C73432A64368E00D5325B /* Preview Assets.xcassets in Resources */,
				0DE93BB92A75982D00648218 /* start.txt in Resources */,
				0DE93BCC2A7FFB3D00648218 /* missions.json in Resources */,
				0DE93BCE2A7FFB4200648218 /* astronauts.json in Resources */,
				0D8C73402A64368E00D5325B /* Assets.xcassets in Resources */,
			);
			runOnlyForDeploymentPostprocessing = 0;
		};
/* End PBXResourcesBuildPhase section */

/* Begin PBXSourcesBuildPhase section */
		0D8C73342A64368C00D5325B /* Sources */ = {
			isa = PBXSourcesBuildPhase;
			buildActionMask = 2147483647;
			files = (
				0D7F7CF12A9020380017EF35 /* ShowExercises.swift in Sources */,
				0DE93BD42A7FFEE900648218 /* Bundle-Decodable.swift in Sources */,
				0D47F2BE2ABB33610058EAFB /* Singer+CoreDataProperties.swift in Sources */,
				0D7DC9DB2ABE1A17004B618F /* ImagePicker.swift in Sources */,
				0D7D2F972AB4F0B7005166E9 /* RaitingView.swift in Sources */,
				0D8A1E672A94DECF00950B47 /* CheckoutView.swift in Sources */,
				0DE93BC52A7EA14A00648218 /* AddView.swift in Sources */,
				0D7F7CEF2A8FE7750017EF35 /* Exercises.swift in Sources */,
				0DE93BD22A7FFCD800648218 /* Astrounaut.swift in Sources */,
				0D7F7CF32A91DE610017EF35 /* CupcakeCorner.swift in Sources */,
				0D8A1E632A937BE200950B47 /* Order.swift in Sources */,
				0DE93BBE2A7D9D7500648218 /* iExpense.swift in Sources */,
				0D8C733E2A64368C00D5325B /* ContentView.swift in Sources */,
				0DE93BBB2A78099800648218 /* ChallengeThree.swift in Sources */,
				0DFC885E2A8AA39500FBD841 /* Mission.swift in Sources */,
				0DFC88662A8BD61F00FBD841 /* AstronautView.swift in Sources */,
				0DE93BC32A7E8E0700648218 /* Expenses.swift in Sources */,
				0DE93B8B2A7192F000648218 /* StepperView.swift in Sources */,
				0DFC88682A8BEB0300FBD841 /* Drawing.swift in Sources */,
				0D7D2F902AB25335005166E9 /* DataController.swift in Sources */,
				0D8A1E652A938C0900950B47 /* AddressView.swift in Sources */,
				0DFC88642A8BB9F700FBD841 /* MissionView.swift in Sources */,
				0D7F7CEA2A8FCA210017EF35 /* ActivityTracking.swift in Sources */,
				0DF443422AE2F28C0015C5BC /* ImageSaver.swift in Sources */,
				0D7F7CED2A8FE46E0017EF35 /* ExercisesModel.swift in Sources */,
				0D47F2D22ABC75F90058EAFB /* Candy+CoreDataClass.swift in Sources */,
				0D47F2B92ABB32D50058EAFB /* Project 11.swift in Sources */,
				0D7D2F8A2AB208B2005166E9 /* ProjectEigth.swift in Sources */,
				0D8C736F2A6D518100D5325B /* ChallengeTwo.swift in Sources */,
				0D8C73662A67091700D5325B /* MainView.swift in Sources */,
				0D7D2F9B2AB5E65B005166E9 /* DetailView.swift in Sources */,
				0D47F2C02ABB3AE30058EAFB /* FilteredList.swift in Sources */,
				0D47F2D12ABC75F90058EAFB /* Country+CoreDataProperties.swift in Sources */,
				0D47F2AC2ABA001B0058EAFB /* DataControllerTwo.swift in Sources */,
				0D47F2B62ABB193B0058EAFB /* Project 10.swift in Sources */,
				0DE93BC72A7FECBA00648218 /* MoonShot.swift in Sources */,
				0D7D2F932AB39CE1005166E9 /* BoomWorm.xcdatamodeld in Sources */,
				0D8C73692A671BF200D5325B /* Challenge .swift in Sources */,
				0D7D2F992AB5D411005166E9 /* EmojiRatingView.swift in Sources */,
				0DFC88602A8ABD9D00FBD841 /* Color-Theme.swift in Sources */,
				0D8C733C2A64368C00D5325B /* CheckerApp.swift in Sources */,
				0D47F2D32ABC75F90058EAFB /* Candy+CoreDataProperties.swift in Sources */,
				0D47F2BD2ABB33610058EAFB /* Singer+CoreDataClass.swift in Sources */,
				0D47F2A62AB9FF1A0058EAFB /* Project 9.swift in Sources */,
				0D23B4EA2AE5386B0010575F /* LessionThirteen.swift in Sources */,
				0D47F2C22ABC741D0058EAFB /* LessionTwelve.swift in Sources */,
				0DE93B922A72A8BC00648218 /* SleepCalculator.mlmodel in Sources */,
				0DE93BC12A7E8D9200648218 /* ExpensItem.swift in Sources */,
				0D47F2D02ABC75F90058EAFB /* Country+CoreDataClass.swift in Sources */,
				0D8C736C2A69A43100D5325B /* GuessTheFlag.swift in Sources */,
				0DE93BB62A74106A00648218 /* WordScramble.swift in Sources */,
				0D7D2F952AB39E7E005166E9 /* AddBookView.swift in Sources */,
				0D23B4ED2AE8475D0010575F /* Lesson Fourteen.swift in Sources */,
			);
			runOnlyForDeploymentPostprocessing = 0;
		};
/* End PBXSourcesBuildPhase section */

/* Begin XCBuildConfiguration section */
		0D8C73442A64368E00D5325B /* Debug */ = {
			isa = XCBuildConfiguration;
			buildSettings = {
				ALWAYS_SEARCH_USER_PATHS = NO;
				CLANG_ANALYZER_NONNULL = YES;
				CLANG_ANALYZER_NUMBER_OBJECT_CONVERSION = YES_AGGRESSIVE;
				CLANG_CXX_LANGUAGE_STANDARD = "gnu++20";
				CLANG_ENABLE_MODULES = YES;
				CLANG_ENABLE_OBJC_ARC = YES;
				CLANG_ENABLE_OBJC_WEAK = YES;
				CLANG_WARN_BLOCK_CAPTURE_AUTORELEASING = YES;
				CLANG_WARN_BOOL_CONVERSION = YES;
				CLANG_WARN_COMMA = YES;
				CLANG_WARN_CONSTANT_CONVERSION = YES;
				CLANG_WARN_DEPRECATED_OBJC_IMPLEMENTATIONS = YES;
				CLANG_WARN_DIRECT_OBJC_ISA_USAGE = YES_ERROR;
				CLANG_WARN_DOCUMENTATION_COMMENTS = YES;
				CLANG_WARN_EMPTY_BODY = YES;
				CLANG_WARN_ENUM_CONVERSION = YES;
				CLANG_WARN_INFINITE_RECURSION = YES;
				CLANG_WARN_INT_CONVERSION = YES;
				CLANG_WARN_NON_LITERAL_NULL_CONVERSION = YES;
				CLANG_WARN_OBJC_IMPLICIT_RETAIN_SELF = YES;
				CLANG_WARN_OBJC_LITERAL_CONVERSION = YES;
				CLANG_WARN_OBJC_ROOT_CLASS = YES_ERROR;
				CLANG_WARN_QUOTED_INCLUDE_IN_FRAMEWORK_HEADER = YES;
				CLANG_WARN_RANGE_LOOP_ANALYSIS = YES;
				CLANG_WARN_STRICT_PROTOTYPES = YES;
				CLANG_WARN_SUSPICIOUS_MOVE = YES;
				CLANG_WARN_UNGUARDED_AVAILABILITY = YES_AGGRESSIVE;
				CLANG_WARN_UNREACHABLE_CODE = YES;
				CLANG_WARN__DUPLICATE_METHOD_MATCH = YES;
				COPY_PHASE_STRIP = NO;
				DEBUG_INFORMATION_FORMAT = dwarf;
				ENABLE_STRICT_OBJC_MSGSEND = YES;
				ENABLE_TESTABILITY = YES;
				GCC_C_LANGUAGE_STANDARD = gnu11;
				GCC_DYNAMIC_NO_PIC = NO;
				GCC_NO_COMMON_BLOCKS = YES;
				GCC_OPTIMIZATION_LEVEL = 0;
				GCC_PREPROCESSOR_DEFINITIONS = (
					"DEBUG=1",
					"$(inherited)",
				);
				GCC_WARN_64_TO_32_BIT_CONVERSION = YES;
				GCC_WARN_ABOUT_RETURN_TYPE = YES_ERROR;
				GCC_WARN_UNDECLARED_SELECTOR = YES;
				GCC_WARN_UNINITIALIZED_AUTOS = YES_AGGRESSIVE;
				GCC_WARN_UNUSED_FUNCTION = YES;
				GCC_WARN_UNUSED_VARIABLE = YES;
				IPHONEOS_DEPLOYMENT_TARGET = 16.0;
				MTL_ENABLE_DEBUG_INFO = INCLUDE_SOURCE;
				MTL_FAST_MATH = YES;
				ONLY_ACTIVE_ARCH = YES;
				SDKROOT = iphoneos;
				SWIFT_ACTIVE_COMPILATION_CONDITIONS = DEBUG;
				SWIFT_OPTIMIZATION_LEVEL = "-Onone";
			};
			name = Debug;
		};
		0D8C73452A64368E00D5325B /* Release */ = {
			isa = XCBuildConfiguration;
			buildSettings = {
				ALWAYS_SEARCH_USER_PATHS = NO;
				CLANG_ANALYZER_NONNULL = YES;
				CLANG_ANALYZER_NUMBER_OBJECT_CONVERSION = YES_AGGRESSIVE;
				CLANG_CXX_LANGUAGE_STANDARD = "gnu++20";
				CLANG_ENABLE_MODULES = YES;
				CLANG_ENABLE_OBJC_ARC = YES;
				CLANG_ENABLE_OBJC_WEAK = YES;
				CLANG_WARN_BLOCK_CAPTURE_AUTORELEASING = YES;
				CLANG_WARN_BOOL_CONVERSION = YES;
				CLANG_WARN_COMMA = YES;
				CLANG_WARN_CONSTANT_CONVERSION = YES;
				CLANG_WARN_DEPRECATED_OBJC_IMPLEMENTATIONS = YES;
				CLANG_WARN_DIRECT_OBJC_ISA_USAGE = YES_ERROR;
				CLANG_WARN_DOCUMENTATION_COMMENTS = YES;
				CLANG_WARN_EMPTY_BODY = YES;
				CLANG_WARN_ENUM_CONVERSION = YES;
				CLANG_WARN_INFINITE_RECURSION = YES;
				CLANG_WARN_INT_CONVERSION = YES;
				CLANG_WARN_NON_LITERAL_NULL_CONVERSION = YES;
				CLANG_WARN_OBJC_IMPLICIT_RETAIN_SELF = YES;
				CLANG_WARN_OBJC_LITERAL_CONVERSION = YES;
				CLANG_WARN_OBJC_ROOT_CLASS = YES_ERROR;
				CLANG_WARN_QUOTED_INCLUDE_IN_FRAMEWORK_HEADER = YES;
				CLANG_WARN_RANGE_LOOP_ANALYSIS = YES;
				CLANG_WARN_STRICT_PROTOTYPES = YES;
				CLANG_WARN_SUSPICIOUS_MOVE = YES;
				CLANG_WARN_UNGUARDED_AVAILABILITY = YES_AGGRESSIVE;
				CLANG_WARN_UNREACHABLE_CODE = YES;
				CLANG_WARN__DUPLICATE_METHOD_MATCH = YES;
				COPY_PHASE_STRIP = NO;
				DEBUG_INFORMATION_FORMAT = "dwarf-with-dsym";
				ENABLE_NS_ASSERTIONS = NO;
				ENABLE_STRICT_OBJC_MSGSEND = YES;
				GCC_C_LANGUAGE_STANDARD = gnu11;
				GCC_NO_COMMON_BLOCKS = YES;
				GCC_WARN_64_TO_32_BIT_CONVERSION = YES;
				GCC_WARN_ABOUT_RETURN_TYPE = YES_ERROR;
				GCC_WARN_UNDECLARED_SELECTOR = YES;
				GCC_WARN_UNINITIALIZED_AUTOS = YES_AGGRESSIVE;
				GCC_WARN_UNUSED_FUNCTION = YES;
				GCC_WARN_UNUSED_VARIABLE = YES;
				IPHONEOS_DEPLOYMENT_TARGET = 16.0;
				MTL_ENABLE_DEBUG_INFO = NO;
				MTL_FAST_MATH = YES;
				SDKROOT = iphoneos;
				SWIFT_COMPILATION_MODE = wholemodule;
				SWIFT_OPTIMIZATION_LEVEL = "-O";
				VALIDATE_PRODUCT = YES;
			};
			name = Release;
		};
		0D8C73472A64368E00D5325B /* Debug */ = {
			isa = XCBuildConfiguration;
			buildSettings = {
				ASSETCATALOG_COMPILER_APPICON_NAME = AppIcon;
				ASSETCATALOG_COMPILER_GLOBAL_ACCENT_COLOR_NAME = AccentColor;
				CODE_SIGN_STYLE = Automatic;
				CURRENT_PROJECT_VERSION = 1;
				DEVELOPMENT_ASSET_PATHS = "\"Checker/Preview Content\"";
				DEVELOPMENT_TEAM = XF47SHGC5P;
				ENABLE_PREVIEWS = YES;
				GENERATE_INFOPLIST_FILE = YES;
				INFOPLIST_KEY_NSFaceIDUsageDescription = "We need to unlock your data";
				INFOPLIST_KEY_NSPhotoLibraryAddUsageDescription = "We want to save your filtred photo.";
				INFOPLIST_KEY_UIApplicationSceneManifest_Generation = YES;
				INFOPLIST_KEY_UIApplicationSupportsIndirectInputEvents = YES;
				INFOPLIST_KEY_UILaunchScreen_Generation = YES;
				INFOPLIST_KEY_UISupportedInterfaceOrientations_iPad = "UIInterfaceOrientationPortrait UIInterfaceOrientationPortraitUpsideDown UIInterfaceOrientationLandscapeLeft UIInterfaceOrientationLandscapeRight";
				INFOPLIST_KEY_UISupportedInterfaceOrientations_iPhone = "UIInterfaceOrientationPortrait UIInterfaceOrientationLandscapeLeft UIInterfaceOrientationLandscapeRight";
				IPHONEOS_DEPLOYMENT_TARGET = 16.0;
				LD_RUNPATH_SEARCH_PATHS = (
					"$(inherited)",
					"@executable_path/Frameworks",
				);
				MARKETING_VERSION = 1.0;
				PRODUCT_BUNDLE_IDENTIFIER = "Daniil-Kulikovskiy.Checker";
				PRODUCT_NAME = "$(TARGET_NAME)";
				SWIFT_EMIT_LOC_STRINGS = YES;
				SWIFT_VERSION = 5.0;
				TARGETED_DEVICE_FAMILY = "1,2";
			};
			name = Debug;
		};
		0D8C73482A64368E00D5325B /* Release */ = {
			isa = XCBuildConfiguration;
			buildSettings = {
				ASSETCATALOG_COMPILER_APPICON_NAME = AppIcon;
				ASSETCATALOG_COMPILER_GLOBAL_ACCENT_COLOR_NAME = AccentColor;
				CODE_SIGN_STYLE = Automatic;
				CURRENT_PROJECT_VERSION = 1;
				DEVELOPMENT_ASSET_PATHS = "\"Checker/Preview Content\"";
				DEVELOPMENT_TEAM = XF47SHGC5P;
				ENABLE_PREVIEWS = YES;
				GENERATE_INFOPLIST_FILE = YES;
				INFOPLIST_KEY_NSFaceIDUsageDescription = "We need to unlock your data";
				INFOPLIST_KEY_NSPhotoLibraryAddUsageDescription = "We want to save your filtred photo.";
				INFOPLIST_KEY_UIApplicationSceneManifest_Generation = YES;
				INFOPLIST_KEY_UIApplicationSupportsIndirectInputEvents = YES;
				INFOPLIST_KEY_UILaunchScreen_Generation = YES;
				INFOPLIST_KEY_UISupportedInterfaceOrientations_iPad = "UIInterfaceOrientationPortrait UIInterfaceOrientationPortraitUpsideDown UIInterfaceOrientationLandscapeLeft UIInterfaceOrientationLandscapeRight";
				INFOPLIST_KEY_UISupportedInterfaceOrientations_iPhone = "UIInterfaceOrientationPortrait UIInterfaceOrientationLandscapeLeft UIInterfaceOrientationLandscapeRight";
				IPHONEOS_DEPLOYMENT_TARGET = 16.0;
				LD_RUNPATH_SEARCH_PATHS = (
					"$(inherited)",
					"@executable_path/Frameworks",
				);
				MARKETING_VERSION = 1.0;
				PRODUCT_BUNDLE_IDENTIFIER = "Daniil-Kulikovskiy.Checker";
				PRODUCT_NAME = "$(TARGET_NAME)";
				SWIFT_EMIT_LOC_STRINGS = YES;
				SWIFT_VERSION = 5.0;
				TARGETED_DEVICE_FAMILY = "1,2";
			};
			name = Release;
		};
/* End XCBuildConfiguration section */

/* Begin XCConfigurationList section */
		0D8C73332A64368C00D5325B /* Build configuration list for PBXProject "Checker" */ = {
			isa = XCConfigurationList;
			buildConfigurations = (
				0D8C73442A64368E00D5325B /* Debug */,
				0D8C73452A64368E00D5325B /* Release */,
			);
			defaultConfigurationIsVisible = 0;
			defaultConfigurationName = Release;
		};
		0D8C73462A64368E00D5325B /* Build configuration list for PBXNativeTarget "Checker" */ = {
			isa = XCConfigurationList;
			buildConfigurations = (
				0D8C73472A64368E00D5325B /* Debug */,
				0D8C73482A64368E00D5325B /* Release */,
			);
			defaultConfigurationIsVisible = 0;
			defaultConfigurationName = Release;
		};
/* End XCConfigurationList section */

/* Begin XCVersionGroup section */
		0D7D2F912AB39CE1005166E9 /* BoomWorm.xcdatamodeld */ = {
			isa = XCVersionGroup;
			children = (
				0D7D2F922AB39CE1005166E9 /* BoomWorm.xcdatamodel */,
			);
			currentVersion = 0D7D2F922AB39CE1005166E9 /* BoomWorm.xcdatamodel */;
			path = BoomWorm.xcdatamodeld;
			sourceTree = "<group>";
			versionGroupType = wrapper.xcdatamodel;
		};
/* End XCVersionGroup section */
	};
	rootObject = 0D8C73302A64368C00D5325B /* Project object */;
}
